<Solution>
  <Folder Name="/benchmarks/">
    <Project Path="benchmarks/BlueTusk.Benchmarks/BlueTusk.Benchmarks.csproj" />
  </Folder>
  <Folder Name="/extensions/">
    <Project Path="extensions/BlueTusk.Extensions.Citext/BlueTusk.Extensions.Citext.csproj" />
    <Project Path="extensions/BlueTusk.Extensions.HStore/BlueTusk.Extensions.HStore.csproj" />
    <Project Path="extensions/BlueTusk.Extensions.LTree/BlueTusk.Extensions.LTree.csproj" />
    <Project Path="extensions/BlueTusk.Extensions.PgTrgm/BlueTusk.Extensions.PgTrgm.csproj" />
    <Project Path="extensions/BlueTusk.Extensions.PgVector/BlueTusk.Extensions.PgVector.csproj" />
    <Project Path="extensions/BlueTusk.Extensions.PostGIS/BlueTusk.Extensions.PostGIS.csproj" />
    <Project Path="extensions/BlueTusk.Extensions.TimescaleDB/BlueTusk.Extensions.TimescaleDB.csproj" />
  </Folder>
  <Folder Name="/samples/">
    <Project Path="samples/BlueTusk.Samples.AdoNet/BlueTusk.Samples.AdoNet.csproj" />
    <Project Path="samples/BlueTusk.Samples.Copy/BlueTusk.Samples.Copy.csproj" />
    <Project Path="samples/BlueTusk.Samples.EntityFrameworkCore/BlueTusk.Samples.EntityFrameworkCore.csproj" />
    <Project Path="samples/BlueTusk.Samples.Graph/BlueTusk.Samples.Graph.csproj" />
    <Project Path="samples/BlueTusk.Samples.Replication/BlueTusk.Samples.Replication.csproj" />
  </Folder>
  <Folder Name="/src/">
    <Project Path="src/BlueTusk.Client/BlueTusk.Client.csproj" />
    <Project Path="src/BlueTusk.Data/BlueTusk.Data.csproj" />
    <Project Path="src/BlueTusk.Diagnostics/BlueTusk.Diagnostics.csproj" />
    <Project Path="src/BlueTusk.EntityFrameworkCore.Design/BlueTusk.EntityFrameworkCore.Design.csproj" />
    <Project Path="src/BlueTusk.EntityFrameworkCore/BlueTusk.EntityFrameworkCore.csproj" />
    <Project Path="src/BlueTusk.Extensions.Abstractions/BlueTusk.Extensions.Abstractions.csproj" />
    <Project Path="src/BlueTusk.Protocol/BlueTusk.Protocol.csproj" />
    <Project Path="src/BlueTusk.Replication.PgOutput/BlueTusk.Replication.PgOutput.csproj" />
    <Project Path="src/BlueTusk.Replication/BlueTusk.Replication.csproj" />
    <Project Path="src/BlueTusk.Security/BlueTusk.Security.csproj" />
    <Project Path="src/BlueTusk.SourceGeneration/BlueTusk.SourceGeneration.csproj" />
    <Project Path="src/BlueTusk.Transport/BlueTusk.Transport.csproj" />
    <Project Path="src/BlueTusk.TypeSystem/BlueTusk.TypeSystem.csproj" />
  </Folder>
  <Folder Name="/tests/">
    <Project Path="tests/BlueTusk.CompatibilityTests/BlueTusk.CompatibilityTests.csproj" />
    <Project Path="tests/BlueTusk.ConformanceTests/BlueTusk.ConformanceTests.csproj" />
    <Project Path="tests/BlueTusk.Data.Tests/BlueTusk.Data.Tests.csproj" />
    <Project Path="tests/BlueTusk.EntityFrameworkCore.Tests/BlueTusk.EntityFrameworkCore.Tests.csproj" />
    <Project Path="tests/BlueTusk.Extensions.Citext.Tests/BlueTusk.Extensions.Citext.Tests.csproj" />
    <Project Path="tests/BlueTusk.IntegrationTests/BlueTusk.IntegrationTests.csproj" />
    <Project Path="tests/BlueTusk.Protocol.Tests/BlueTusk.Protocol.Tests.csproj" />
    <Project Path="tests/BlueTusk.Replication.PgOutput.Tests/BlueTusk.Replication.PgOutput.Tests.csproj" />
    <Project Path="tests/BlueTusk.Replication.Tests/BlueTusk.Replication.Tests.csproj" />
    <Project Path="tests/BlueTusk.Security.Tests/BlueTusk.Security.Tests.csproj" />
    <Project Path="tests/BlueTusk.StressTests/BlueTusk.StressTests.csproj" />
    <Project Path="tests/BlueTusk.Transport.Tests/BlueTusk.Transport.Tests.csproj" />
    <Project Path="tests/BlueTusk.TypeSystem.Tests/BlueTusk.TypeSystem.Tests.csproj" />
  </Folder>
  <Folder Name="/tooling/">
    <Project Path="tooling/BlueTusk.ProtocolInspector/BlueTusk.ProtocolInspector.csproj" />
    <Project Path="tooling/BlueTusk.SchemaInspector/BlueTusk.SchemaInspector.csproj" />
    <Project Path="tooling/BlueTusk.Tool/BlueTusk.Tool.csproj" />
  </Folder>
</Solution>
