<Solution>
  <Folder Name="/Benchmarks/">
    <Project Path="benchmarks/BlueTusk.Benchmarks/BlueTusk.Benchmarks.csproj" />
    <Project Path="benchmarks/BlueTusk.Documents.LoadHarness/BlueTusk.Documents.LoadHarness.csproj" />
    <Project Path="benchmarks/BlueTusk.Ecosystem.Benchmarks/BlueTusk.Ecosystem.Benchmarks.csproj" />
    <Project Path="benchmarks/BlueTusk.Projections.LoadHarness/BlueTusk.Projections.LoadHarness.csproj" />
    <Project Path="benchmarks/BlueTusk.Search.LoadHarness/BlueTusk.Search.LoadHarness.csproj" />
    <Project Path="benchmarks/BlueTusk.Workflows.LoadHarness/BlueTusk.Workflows.LoadHarness.csproj" />
  </Folder>
  <Folder Name="/ContinuousGraph/Core/">
    <Project Path="src/BlueTusk.ContinuousGraph/BlueTusk.ContinuousGraph.csproj" />
  </Folder>
  <Folder Name="/ContinuousGraph/Integrations/">
    <Project Path="src/BlueTusk.ContinuousGraph.ControlPlane/BlueTusk.ContinuousGraph.ControlPlane.csproj" />
  </Folder>
  <Folder Name="/ContinuousGraph/Samples/">
    <Project Path="samples/BlueTusk.Samples.ContinuousGraph.Fraud/BlueTusk.Samples.ContinuousGraph.Fraud.csproj" />
    <Project Path="samples/BlueTusk.Samples.ContinuousGraph.Network/BlueTusk.Samples.ContinuousGraph.Network.csproj" />
  </Folder>
  <Folder Name="/ContinuousGraph/Tests/">
    <Project Path="tests/BlueTusk.ContinuousGraph.Tests/BlueTusk.ContinuousGraph.Tests.csproj" />
  </Folder>
  <Folder Name="/Documents/Core/">
    <Project Path="src/BlueTusk.Documents.AspNetCore/BlueTusk.Documents.AspNetCore.csproj" />
    <Project Path="src/BlueTusk.Documents.Live/BlueTusk.Documents.Live.csproj" />
    <Project Path="src/BlueTusk.Documents.Streams/BlueTusk.Documents.Streams.csproj" />
    <Project Path="src/BlueTusk.Documents/BlueTusk.Documents.csproj" />
  </Folder>
  <Folder Name="/Documents/Tests/">
    <Project Path="tests/BlueTusk.Documents.Tests/BlueTusk.Documents.Tests.csproj" />
  </Folder>
  <Folder Name="/Edge/Core/">
    <Project Path="src/BlueTusk.Edge.AspNetCore/BlueTusk.Edge.AspNetCore.csproj" />
    <Project Path="src/BlueTusk.Edge.Http/BlueTusk.Edge.Http.csproj" />
    <Project Path="src/BlueTusk.Edge.Server/BlueTusk.Edge.Server.csproj" />
    <Project Path="src/BlueTusk.Edge.Sqlite/BlueTusk.Edge.Sqlite.csproj" />
    <Project Path="src/BlueTusk.Edge/BlueTusk.Edge.csproj" />
  </Folder>
  <Folder Name="/Edge/Tests/">
    <Project Path="tests/BlueTusk.Edge.BrowserHttpSmoke/BlueTusk.Edge.BrowserHttpSmoke.csproj" />
    <Project Path="tests/BlueTusk.Edge.NativeAotSmoke/BlueTusk.Edge.NativeAotSmoke.csproj" />
    <Project Path="tests/BlueTusk.Edge.Tests/BlueTusk.Edge.Tests.csproj" />
  </Folder>
  <Folder Name="/Events/Core/">
    <Project Path="src/BlueTusk.Events.EntityFrameworkCore/BlueTusk.Events.EntityFrameworkCore.csproj" />
    <Project Path="src/BlueTusk.Events.Streams/BlueTusk.Events.Streams.csproj" />
    <Project Path="src/BlueTusk.Events/BlueTusk.Events.csproj" />
  </Folder>
  <Folder Name="/Events/Tests/">
    <Project Path="tests/BlueTusk.Events.NativeAotSmoke/BlueTusk.Events.NativeAotSmoke.csproj" />
    <Project Path="tests/BlueTusk.Events.Tests/BlueTusk.Events.Tests.csproj" />
  </Folder>
  <Folder Name="/Jobs/Core/">
    <Project Path="src/BlueTusk.Jobs.DependencyInjection/BlueTusk.Jobs.DependencyInjection.csproj" />
    <Project Path="src/BlueTusk.Jobs/BlueTusk.Jobs.csproj" />
  </Folder>
  <Folder Name="/Jobs/Tests/">
    <Project Path="tests/BlueTusk.Jobs.Tests/BlueTusk.Jobs.Tests.csproj" />
  </Folder>
  <Folder Name="/Live/Core/">
    <Project Path="src/BlueTusk.Live/BlueTusk.Live.csproj" />
  </Folder>
  <Folder Name="/Live/Integrations/">
    <Project Path="src/BlueTusk.Live.Aspire/BlueTusk.Live.Aspire.csproj" />
    <Project Path="src/BlueTusk.Live.DependencyInjection/BlueTusk.Live.DependencyInjection.csproj" />
    <Project Path="src/BlueTusk.Live.EntityFrameworkCore/BlueTusk.Live.EntityFrameworkCore.csproj" />
  </Folder>
  <Folder Name="/Live/Testing/">
    <Project Path="src/BlueTusk.Live.Testing/BlueTusk.Live.Testing.csproj" />
  </Folder>
  <Folder Name="/Live/Tests/">
    <Project Path="tests/BlueTusk.Live.Aspire.Tests/BlueTusk.Live.Aspire.Tests.csproj" />
    <Project Path="tests/BlueTusk.Live.Tests/BlueTusk.Live.Tests.csproj" />
  </Folder>
  <Folder Name="/Live/Transports/">
    <Project Path="src/BlueTusk.Live.AspNetCore/BlueTusk.Live.AspNetCore.csproj" />
    <Project Path="src/BlueTusk.Live.Grpc/BlueTusk.Live.Grpc.csproj" />
    <Project Path="src/BlueTusk.Live.ServerSentEvents/BlueTusk.Live.ServerSentEvents.csproj" />
    <Project Path="src/BlueTusk.Live.SignalR/BlueTusk.Live.SignalR.csproj" />
  </Folder>
  <Folder Name="/Operations/Core/">
    <Project Path="src/BlueTusk.ControlPlane.Kubernetes/BlueTusk.ControlPlane.Kubernetes.csproj" />
    <Project Path="src/BlueTusk.ControlPlane/BlueTusk.ControlPlane.csproj" />
    <Project Path="src/BlueTusk.Dashboard/BlueTusk.Dashboard.csproj" />
  </Folder>
  <Folder Name="/Operations/Samples/">
    <Project Path="samples/BlueTusk.Samples.Dashboard/BlueTusk.Samples.Dashboard.csproj" />
  </Folder>
  <Folder Name="/Operations/Tests/">
    <Project Path="tests/BlueTusk.ControlPlane.Kubernetes.Tests/BlueTusk.ControlPlane.Kubernetes.Tests.csproj" />
    <Project Path="tests/BlueTusk.ControlPlane.Tests/BlueTusk.ControlPlane.Tests.csproj" />
  </Folder>
  <Folder Name="/Projections/Core/">
    <Project Path="src/BlueTusk.Projections.Live/BlueTusk.Projections.Live.csproj" />
    <Project Path="src/BlueTusk.Projections/BlueTusk.Projections.csproj" />
  </Folder>
  <Folder Name="/Projections/Samples/">
    <Project Path="samples/BlueTusk.Projections.Orders.Live/BlueTusk.Projections.Orders.Live.csproj" />
  </Folder>
  <Folder Name="/Projections/Tests/">
    <Project Path="tests/BlueTusk.Projections.NativeAotSmoke/BlueTusk.Projections.NativeAotSmoke.csproj" />
    <Project Path="tests/BlueTusk.Projections.PhysicalRecoveryTests/BlueTusk.Projections.PhysicalRecoveryTests.csproj" />
    <Project Path="tests/BlueTusk.Projections.Tests/BlueTusk.Projections.Tests.csproj" />
  </Folder>
  <Folder Name="/Provider/Core/">
    <Project Path="src/BlueTusk.Client/BlueTusk.Client.csproj" />
    <Project Path="src/BlueTusk.Data.DependencyInjection/BlueTusk.Data.DependencyInjection.csproj" />
    <Project Path="src/BlueTusk.Data/BlueTusk.Data.csproj" />
    <Project Path="src/BlueTusk.Diagnostics/BlueTusk.Diagnostics.csproj" />
    <Project Path="src/BlueTusk.Protocol/BlueTusk.Protocol.csproj" />
    <Project Path="src/BlueTusk.Security/BlueTusk.Security.csproj" />
    <Project Path="src/BlueTusk.Transport/BlueTusk.Transport.csproj" />
    <Project Path="src/BlueTusk.TypeSystem/BlueTusk.TypeSystem.csproj" />
  </Folder>
  <Folder Name="/Provider/EntityFrameworkCore/">
    <Project Path="src/BlueTusk.EntityFrameworkCore.Design/BlueTusk.EntityFrameworkCore.Design.csproj" />
    <Project Path="src/BlueTusk.EntityFrameworkCore/BlueTusk.EntityFrameworkCore.csproj" />
  </Folder>
  <Folder Name="/Provider/Extensibility/">
    <Project Path="src/BlueTusk.Extensions.Abstractions/BlueTusk.Extensions.Abstractions.csproj" />
    <Project Path="src/BlueTusk.Extensions.Testing/BlueTusk.Extensions.Testing.csproj" />
    <Project Path="src/BlueTusk.SourceGeneration/BlueTusk.SourceGeneration.csproj" />
  </Folder>
  <Folder Name="/Provider/Extensions/Citext/">
    <Project Path="extensions/BlueTusk.Extensions.Citext.EntityFrameworkCore/BlueTusk.Extensions.Citext.EntityFrameworkCore.csproj" />
    <Project Path="extensions/BlueTusk.Extensions.Citext/BlueTusk.Extensions.Citext.csproj" />
  </Folder>
  <Folder Name="/Provider/Extensions/HStore/">
    <Project Path="extensions/BlueTusk.Extensions.HStore/BlueTusk.Extensions.HStore.csproj" />
  </Folder>
  <Folder Name="/Provider/Extensions/LTree/">
    <Project Path="extensions/BlueTusk.Extensions.LTree/BlueTusk.Extensions.LTree.csproj" />
  </Folder>
  <Folder Name="/Provider/Extensions/PgDurable/">
    <Project Path="extensions/BlueTusk.Extensions.PgDurable/BlueTusk.Extensions.PgDurable.csproj" />
  </Folder>
  <Folder Name="/Provider/Extensions/PgTrgm/">
    <Project Path="extensions/BlueTusk.Extensions.PgTrgm/BlueTusk.Extensions.PgTrgm.csproj" />
  </Folder>
  <Folder Name="/Provider/Extensions/PgVector/">
    <Project Path="extensions/BlueTusk.Extensions.PgVector.EntityFrameworkCore/BlueTusk.Extensions.PgVector.EntityFrameworkCore.csproj" />
    <Project Path="extensions/BlueTusk.Extensions.PgVector/BlueTusk.Extensions.PgVector.csproj" />
  </Folder>
  <Folder Name="/Provider/Extensions/PostGIS/">
    <Project Path="extensions/BlueTusk.Extensions.PostGIS.EntityFrameworkCore/BlueTusk.Extensions.PostGIS.EntityFrameworkCore.csproj" />
    <Project Path="extensions/BlueTusk.Extensions.PostGIS/BlueTusk.Extensions.PostGIS.csproj" />
  </Folder>
  <Folder Name="/Provider/Extensions/TimescaleDB/">
    <Project Path="extensions/BlueTusk.Extensions.TimescaleDB.EntityFrameworkCore/BlueTusk.Extensions.TimescaleDB.EntityFrameworkCore.csproj" />
    <Project Path="extensions/BlueTusk.Extensions.TimescaleDB/BlueTusk.Extensions.TimescaleDB.csproj" />
  </Folder>
  <Folder Name="/Provider/Identity/">
    <Project Path="identity/BlueTusk.Identity.Aws/BlueTusk.Identity.Aws.csproj" />
    <Project Path="identity/BlueTusk.Identity.Azure/BlueTusk.Identity.Azure.csproj" />
    <Project Path="identity/BlueTusk.Identity.GoogleCloud/BlueTusk.Identity.GoogleCloud.csproj" />
  </Folder>
  <Folder Name="/Provider/Replication/">
    <Project Path="src/BlueTusk.Replication.PgOutput/BlueTusk.Replication.PgOutput.csproj" />
    <Project Path="src/BlueTusk.Replication/BlueTusk.Replication.csproj" />
  </Folder>
  <Folder Name="/Provider/Samples/">
    <Project Path="samples/BlueTusk.Samples.AdoNet/BlueTusk.Samples.AdoNet.csproj" />
    <Project Path="samples/BlueTusk.Samples.Copy/BlueTusk.Samples.Copy.csproj" />
    <Project Path="samples/BlueTusk.Samples.EntityFrameworkCore/BlueTusk.Samples.EntityFrameworkCore.csproj" />
    <Project Path="samples/BlueTusk.Samples.Graph/BlueTusk.Samples.Graph.csproj" />
    <Project Path="samples/BlueTusk.Samples.Replication/BlueTusk.Samples.Replication.csproj" />
  </Folder>
  <Folder Name="/Provider/Templates/">
    <Project Path="templates/BlueTusk.Extension/BlueTusk.Templates.csproj" />
    <Project Path="templates/BlueTusk.Production/BlueTusk.Production.Templates.csproj" />
  </Folder>
  <Folder Name="/Provider/Tests/Core/">
    <Project Path="tests/BlueTusk.CompatibilityTests/BlueTusk.CompatibilityTests.csproj" />
    <Project Path="tests/BlueTusk.ConformanceTests/BlueTusk.ConformanceTests.csproj" />
    <Project Path="tests/BlueTusk.Data.DependencyInjection.Tests/BlueTusk.Data.DependencyInjection.Tests.csproj" />
    <Project Path="tests/BlueTusk.Data.Tests/BlueTusk.Data.Tests.csproj" />
    <Project Path="tests/BlueTusk.Diagnostics.Tests/BlueTusk.Diagnostics.Tests.csproj" />
    <Project Path="tests/BlueTusk.Fuzzing.Tests/BlueTusk.Fuzzing.Tests.csproj" />
    <Project Path="tests/BlueTusk.Fuzzing/BlueTusk.Fuzzing.csproj" />
    <Project Path="tests/BlueTusk.Protocol.Tests/BlueTusk.Protocol.Tests.csproj" />
    <Project Path="tests/BlueTusk.Security.Tests/BlueTusk.Security.Tests.csproj" />
    <Project Path="tests/BlueTusk.SourceGeneration.Tests/BlueTusk.SourceGeneration.Tests.csproj" />
    <Project Path="tests/BlueTusk.Transport.Tests/BlueTusk.Transport.Tests.csproj" />
    <Project Path="tests/BlueTusk.TypeSystem.Tests/BlueTusk.TypeSystem.Tests.csproj" />
  </Folder>
  <Folder Name="/Provider/Tests/EntityFrameworkCore/">
    <Project Path="tests/BlueTusk.EntityFrameworkCore.SpecificationTests/BlueTusk.EntityFrameworkCore.SpecificationTests.csproj" />
    <Project Path="tests/BlueTusk.EntityFrameworkCore.Tests/BlueTusk.EntityFrameworkCore.Tests.csproj" />
  </Folder>
  <Folder Name="/Provider/Tests/Extensions/">
    <Project Path="tests/BlueTusk.Extensions.Citext.EntityFrameworkCore.Tests/BlueTusk.Extensions.Citext.EntityFrameworkCore.Tests.csproj" />
    <Project Path="tests/BlueTusk.Extensions.Citext.Tests/BlueTusk.Extensions.Citext.Tests.csproj" />
    <Project Path="tests/BlueTusk.Extensions.HStore.Tests/BlueTusk.Extensions.HStore.Tests.csproj" />
    <Project Path="tests/BlueTusk.Extensions.LTree.Tests/BlueTusk.Extensions.LTree.Tests.csproj" />
    <Project Path="tests/BlueTusk.Extensions.PgDurable.Tests/BlueTusk.Extensions.PgDurable.Tests.csproj" />
    <Project Path="tests/BlueTusk.Extensions.PgTrgm.Tests/BlueTusk.Extensions.PgTrgm.Tests.csproj" />
    <Project Path="tests/BlueTusk.Extensions.PgVector.EntityFrameworkCore.Tests/BlueTusk.Extensions.PgVector.EntityFrameworkCore.Tests.csproj" />
    <Project Path="tests/BlueTusk.Extensions.PgVector.Tests/BlueTusk.Extensions.PgVector.Tests.csproj" />
    <Project Path="tests/BlueTusk.Extensions.PostGIS.EntityFrameworkCore.Tests/BlueTusk.Extensions.PostGIS.EntityFrameworkCore.Tests.csproj" />
    <Project Path="tests/BlueTusk.Extensions.PostGIS.Tests/BlueTusk.Extensions.PostGIS.Tests.csproj" />
    <Project Path="tests/BlueTusk.Extensions.TimescaleDB.EntityFrameworkCore.Tests/BlueTusk.Extensions.TimescaleDB.EntityFrameworkCore.Tests.csproj" />
    <Project Path="tests/BlueTusk.Extensions.TimescaleDB.Tests/BlueTusk.Extensions.TimescaleDB.Tests.csproj" />
    <Project Path="tests/BlueTusk.ExtensionTemplate.Tests/BlueTusk.ExtensionTemplate.Tests.csproj" />
  </Folder>
  <Folder Name="/Provider/Tests/Identity/">
    <Project Path="tests/BlueTusk.Identity.Tests/BlueTusk.Identity.Tests.csproj" />
  </Folder>
  <Folder Name="/Provider/Tests/Replication/">
    <Project Path="tests/BlueTusk.Replication.PgOutput.Tests/BlueTusk.Replication.PgOutput.Tests.csproj" />
    <Project Path="tests/BlueTusk.Replication.Tests/BlueTusk.Replication.Tests.csproj" />
  </Folder>
  <Folder Name="/Provider/Tests/Smoke/">
    <Project Path="tests/BlueTusk.NativeAotSmoke/BlueTusk.NativeAotSmoke.csproj" />
    <Project Path="tests/BlueTusk.TrimSmoke/BlueTusk.TrimSmoke.csproj" />
  </Folder>
  <Folder Name="/Provider/Tooling/">
    <Project Path="tooling/BlueTusk.ProtocolInspector/BlueTusk.ProtocolInspector.csproj" />
    <Project Path="tooling/BlueTusk.SchemaInspector/BlueTusk.SchemaInspector.csproj" />
    <Project Path="tooling/BlueTusk.Tool/BlueTusk.Tool.csproj" />
  </Folder>
  <Folder Name="/Schema/Core/">
    <Project Path="src/BlueTusk.Schema/BlueTusk.Schema.csproj" />
  </Folder>
  <Folder Name="/Schema/Tests/">
    <Project Path="tests/BlueTusk.Schema.Tests/BlueTusk.Schema.Tests.csproj" />
    <Project Path="tests/BlueTusk.Schema.Tool.Tests/BlueTusk.Schema.Tool.Tests.csproj" />
  </Folder>
  <Folder Name="/Schema/Tools/">
    <Project Path="tooling/BlueTusk.Schema.Tool/BlueTusk.Schema.Tool.csproj" />
  </Folder>
  <Folder Name="/Search/Core/">
    <Project Path="src/BlueTusk.Search.AspNetCore/BlueTusk.Search.AspNetCore.csproj" />
    <Project Path="src/BlueTusk.Search.Jobs/BlueTusk.Search.Jobs.csproj" />
    <Project Path="src/BlueTusk.Search.OpenSearch/BlueTusk.Search.OpenSearch.csproj" />
    <Project Path="src/BlueTusk.Search.PgVector/BlueTusk.Search.PgVector.csproj" />
    <Project Path="src/BlueTusk.Search/BlueTusk.Search.csproj" />
  </Folder>
  <Folder Name="/Search/Tests/">
    <Project Path="tests/BlueTusk.Search.Tests/BlueTusk.Search.Tests.csproj" />
  </Folder>
  <Folder Name="/Sql/Core/">
    <Project Path="src/BlueTusk.Sql.SourceGeneration/BlueTusk.Sql.SourceGeneration.csproj" />
    <Project Path="src/BlueTusk.Sql/BlueTusk.Sql.csproj" />
  </Folder>
  <Folder Name="/Sql/Tests/">
    <Project Path="tests/BlueTusk.Sql.NativeAotSmoke/BlueTusk.Sql.NativeAotSmoke.csproj" />
    <Project Path="tests/BlueTusk.Sql.SourceGeneration.Tests/BlueTusk.Sql.SourceGeneration.Tests.csproj" />
    <Project Path="tests/BlueTusk.Sql.Tests/BlueTusk.Sql.Tests.csproj" />
    <Project Path="tests/BlueTusk.Sql.Tool.Tests/BlueTusk.Sql.Tool.Tests.csproj" />
  </Folder>
  <Folder Name="/Sql/Tools/">
    <Project Path="tooling/BlueTusk.Sql.Tool/BlueTusk.Sql.Tool.csproj" />
  </Folder>
  <Folder Name="/Streams/Core/">
    <Project Path="src/BlueTusk.Streams/BlueTusk.Streams.csproj" />
  </Folder>
  <Folder Name="/Streams/Integrations/">
    <Project Path="src/BlueTusk.Streams.Aspire/BlueTusk.Streams.Aspire.csproj" />
    <Project Path="src/BlueTusk.Streams.CloudEvents/BlueTusk.Streams.CloudEvents.csproj" />
    <Project Path="src/BlueTusk.Streams.DependencyInjection/BlueTusk.Streams.DependencyInjection.csproj" />
    <Project Path="src/BlueTusk.Streams.EntityFrameworkCore/BlueTusk.Streams.EntityFrameworkCore.csproj" />
  </Folder>
  <Folder Name="/Streams/Samples/">
    <Project Path="samples/BlueTusk.Samples.Streams/BlueTusk.Samples.Streams.csproj" />
  </Folder>
  <Folder Name="/Streams/Storage/">
    <Project Path="src/BlueTusk.Streams.Storage.File/BlueTusk.Streams.Storage.File.csproj" />
    <Project Path="src/BlueTusk.Streams.Storage.PostgreSql/BlueTusk.Streams.Storage.PostgreSql.csproj" />
    <Project Path="src/BlueTusk.Streams.Storage.Redis/BlueTusk.Streams.Storage.Redis.csproj" />
  </Folder>
  <Folder Name="/Streams/Testing/">
    <Project Path="src/BlueTusk.Streams.Testing/BlueTusk.Streams.Testing.csproj" />
  </Folder>
  <Folder Name="/Streams/Tests/">
    <Project Path="tests/BlueTusk.Streams.Aspire.Tests/BlueTusk.Streams.Aspire.Tests.csproj" />
    <Project Path="tests/BlueTusk.Streams.DependencyInjection.Tests/BlueTusk.Streams.DependencyInjection.Tests.csproj" />
    <Project Path="tests/BlueTusk.Streams.EntityFrameworkCore.Tests/BlueTusk.Streams.EntityFrameworkCore.Tests.csproj" />
    <Project Path="tests/BlueTusk.Streams.NativeAotSmoke/BlueTusk.Streams.NativeAotSmoke.csproj" />
    <Project Path="tests/BlueTusk.Streams.Tests/BlueTusk.Streams.Tests.csproj" />
  </Folder>
  <Folder Name="/Streams/Tooling/">
    <Project Path="tooling/BlueTusk.Streams.Tool/BlueTusk.Streams.Tool.csproj" />
  </Folder>
  <Folder Name="/Studio/Core/">
    <Project Path="src/BlueTusk.Studio.ControlPlane/BlueTusk.Studio.ControlPlane.csproj" />
    <Project Path="src/BlueTusk.Studio.Events/BlueTusk.Studio.Events.csproj" />
    <Project Path="src/BlueTusk.Studio/BlueTusk.Studio.csproj" />
  </Folder>
  <Folder Name="/Studio/Tests/">
    <Project Path="tests/BlueTusk.Studio.Tests/BlueTusk.Studio.Tests.csproj" />
    <Project Path="tests/BlueTusk.Studio.Tool.Tests/BlueTusk.Studio.Tool.Tests.csproj" />
  </Folder>
  <Folder Name="/Studio/Tools/">
    <Project Path="tooling/BlueTusk.Studio.Tool/BlueTusk.Studio.Tool.csproj" />
  </Folder>
  <Folder Name="/Sync/Core/">
    <Project Path="src/BlueTusk.Sync/BlueTusk.Sync.csproj" />
  </Folder>
  <Folder Name="/Sync/Destinations/">
    <Project Path="src/BlueTusk.Sync.Kafka/BlueTusk.Sync.Kafka.csproj" />
    <Project Path="src/BlueTusk.Sync.Nats/BlueTusk.Sync.Nats.csproj" />
    <Project Path="src/BlueTusk.Sync.OpenSearch/BlueTusk.Sync.OpenSearch.csproj" />
    <Project Path="src/BlueTusk.Sync.PostgreSql/BlueTusk.Sync.PostgreSql.csproj" />
    <Project Path="src/BlueTusk.Sync.Redis/BlueTusk.Sync.Redis.csproj" />
    <Project Path="src/BlueTusk.Sync.S3/BlueTusk.Sync.S3.csproj" />
    <Project Path="src/BlueTusk.Sync.Webhooks/BlueTusk.Sync.Webhooks.csproj" />
  </Folder>
  <Folder Name="/Sync/Integrations/">
    <Project Path="src/BlueTusk.Sync.Aspire/BlueTusk.Sync.Aspire.csproj" />
    <Project Path="src/BlueTusk.Sync.DependencyInjection/BlueTusk.Sync.DependencyInjection.csproj" />
  </Folder>
  <Folder Name="/Sync/Testing/">
    <Project Path="src/BlueTusk.Sync.Testing/BlueTusk.Sync.Testing.csproj" />
  </Folder>
  <Folder Name="/Sync/Tests/">
    <Project Path="tests/BlueTusk.Sync.Aspire.Tests/BlueTusk.Sync.Aspire.Tests.csproj" />
    <Project Path="tests/BlueTusk.Sync.DependencyInjection.Tests/BlueTusk.Sync.DependencyInjection.Tests.csproj" />
    <Project Path="tests/BlueTusk.Sync.Kafka.Tests/BlueTusk.Sync.Kafka.Tests.csproj" />
    <Project Path="tests/BlueTusk.Sync.Nats.Tests/BlueTusk.Sync.Nats.Tests.csproj" />
    <Project Path="tests/BlueTusk.Sync.OpenSearch.Tests/BlueTusk.Sync.OpenSearch.Tests.csproj" />
    <Project Path="tests/BlueTusk.Sync.Redis.Tests/BlueTusk.Sync.Redis.Tests.csproj" />
    <Project Path="tests/BlueTusk.Sync.S3.Tests/BlueTusk.Sync.S3.Tests.csproj" />
    <Project Path="tests/BlueTusk.Sync.Testing.Tests/BlueTusk.Sync.Testing.Tests.csproj" />
    <Project Path="tests/BlueTusk.Sync.Tests/BlueTusk.Sync.Tests.csproj" />
    <Project Path="tests/BlueTusk.Sync.Webhooks.Tests/BlueTusk.Sync.Webhooks.Tests.csproj" />
  </Folder>
  <Folder Name="/Tests/Integration/">
    <Project Path="tests/BlueTusk.IntegrationTests/BlueTusk.IntegrationTests.csproj" />
  </Folder>
  <Folder Name="/Tests/Stress/">
    <Project Path="tests/BlueTusk.StressTests/BlueTusk.StressTests.csproj" />
  </Folder>
  <Folder Name="/Workflows/Core/">
    <Project Path="src/BlueTusk.Workflows.DependencyInjection/BlueTusk.Workflows.DependencyInjection.csproj" />
    <Project Path="src/BlueTusk.Workflows/BlueTusk.Workflows.csproj" />
  </Folder>
  <Folder Name="/Workflows/Tests/">
    <Project Path="tests/BlueTusk.Workflows.AotSmoke/BlueTusk.Workflows.AotSmoke.csproj" />
    <Project Path="tests/BlueTusk.Workflows.DependencyInjection.Tests/BlueTusk.Workflows.DependencyInjection.Tests.csproj" />
    <Project Path="tests/BlueTusk.Workflows.PhysicalRecoveryTests/BlueTusk.Workflows.PhysicalRecoveryTests.csproj" />
    <Project Path="tests/BlueTusk.Workflows.PostCooldownTests/BlueTusk.Workflows.PostCooldownTests.csproj" />
    <Project Path="tests/BlueTusk.Workflows.Tests/BlueTusk.Workflows.Tests.csproj" />
  </Folder>
</Solution>
